
Microsoft Visual Studio Solution File, Format Version 12.00
# Visual Studio Version 17
VisualStudioVersion = 17.14.36310.24
MinimumVisualStudioVersion = 10.0.40219.1
Project("{FAE04EC0-301F-11D3-BF4B-00C04F79EFBC}") = "QuiverLauncher", "QuiverLauncher.csproj", "{71EB560C-A7EB-C4F2-645D-9FB2ADA2916C}"
EndProject
Project("{FAE04EC0-301F-11D3-BF4B-00C04F79EFBC}") = "QuiverLauncher.Core", "lib\QuiverLauncher.Core\QuiverLauncher.Core.csproj", "{2C32DAAB-3EBA-4B2D-8323-BFB0C2426855}"
EndProject
Project("{FAE04EC0-301F-11D3-BF4B-00C04F79EFBC}") = "QuiverLauncher.Tests", "QuiverLauncher.Tests\QuiverLauncher.Tests.csproj", "{A90562B1-1583-469F-A0B1-2C32215E8A87}"
EndProject
Global
	GlobalSection(SolutionConfigurationPlatforms) = preSolution
		Debug|Any CPU = Debug|Any CPU
		Debug|x64 = Debug|x64
		Debug|x86 = Debug|x86
		Release|Any CPU = Release|Any CPU
		Release|x64 = Release|x64
		Release|x86 = Release|x86
	EndGlobalSection
	GlobalSection(ProjectConfigurationPlatforms) = postSolution
		{71EB560C-A7EB-C4F2-645D-9FB2ADA2916C}.Debug|Any CPU.ActiveCfg = Debug|Any CPU
		{71EB560C-A7EB-C4F2-645D-9FB2ADA2916C}.Debug|Any CPU.Build.0 = Debug|Any CPU
		{71EB560C-A7EB-C4F2-645D-9FB2ADA2916C}.Debug|x64.ActiveCfg = Debug|Any CPU
		{71EB560C-A7EB-C4F2-645D-9FB2ADA2916C}.Debug|x64.Build.0 = Debug|Any CPU
		{71EB560C-A7EB-C4F2-645D-9FB2ADA2916C}.Debug|x86.ActiveCfg = Debug|Any CPU
		{71EB560C-A7EB-C4F2-645D-9FB2ADA2916C}.Debug|x86.Build.0 = Debug|Any CPU
		{71EB560C-A7EB-C4F2-645D-9FB2ADA2916C}.Release|Any CPU.ActiveCfg = Release|Any CPU
		{71EB560C-A7EB-C4F2-645D-9FB2ADA2916C}.Release|Any CPU.Build.0 = Release|Any CPU
		{71EB560C-A7EB-C4F2-645D-9FB2ADA2916C}.Release|x64.ActiveCfg = Release|Any CPU
		{71EB560C-A7EB-C4F2-645D-9FB2ADA2916C}.Release|x64.Build.0 = Release|Any CPU
		{71EB560C-A7EB-C4F2-645D-9FB2ADA2916C}.Release|x86.ActiveCfg = Release|Any CPU
		{71EB560C-A7EB-C4F2-645D-9FB2ADA2916C}.Release|x86.Build.0 = Release|Any CPU
		{2C32DAAB-3EBA-4B2D-8323-BFB0C2426855}.Debug|Any CPU.ActiveCfg = Debug|Any CPU
		{2C32DAAB-3EBA-4B2D-8323-BFB0C2426855}.Debug|Any CPU.Build.0 = Debug|Any CPU
		{2C32DAAB-3EBA-4B2D-8323-BFB0C2426855}.Debug|x64.ActiveCfg = Debug|Any CPU
		{2C32DAAB-3EBA-4B2D-8323-BFB0C2426855}.Debug|x64.Build.0 = Debug|Any CPU
		{2C32DAAB-3EBA-4B2D-8323-BFB0C2426855}.Debug|x86.ActiveCfg = Debug|Any CPU
		{2C32DAAB-3EBA-4B2D-8323-BFB0C2426855}.Debug|x86.Build.0 = Debug|Any CPU
		{2C32DAAB-3EBA-4B2D-8323-BFB0C2426855}.Release|Any CPU.ActiveCfg = Release|Any CPU
		{2C32DAAB-3EBA-4B2D-8323-BFB0C2426855}.Release|Any CPU.Build.0 = Release|Any CPU
		{2C32DAAB-3EBA-4B2D-8323-BFB0C2426855}.Release|x64.ActiveCfg = Release|Any CPU
		{2C32DAAB-3EBA-4B2D-8323-BFB0C2426855}.Release|x64.Build.0 = Release|Any CPU
		{2C32DAAB-3EBA-4B2D-8323-BFB0C2426855}.Release|x86.ActiveCfg = Release|Any CPU
		{2C32DAAB-3EBA-4B2D-8323-BFB0C2426855}.Release|x86.Build.0 = Release|Any CPU
		{A90562B1-1583-469F-A0B1-2C32215E8A87}.Debug|Any CPU.ActiveCfg = Debug|Any CPU
		{A90562B1-1583-469F-A0B1-2C32215E8A87}.Debug|Any CPU.Build.0 = Debug|Any CPU
		{A90562B1-1583-469F-A0B1-2C32215E8A87}.Debug|x64.ActiveCfg = Debug|Any CPU
		{A90562B1-1583-469F-A0B1-2C32215E8A87}.Debug|x64.Build.0 = Debug|Any CPU
		{A90562B1-1583-469F-A0B1-2C32215E8A87}.Debug|x86.ActiveCfg = Debug|Any CPU
		{A90562B1-1583-469F-A0B1-2C32215E8A87}.Debug|x86.Build.0 = Debug|Any CPU
		{A90562B1-1583-469F-A0B1-2C32215E8A87}.Release|Any CPU.ActiveCfg = Release|Any CPU
		{A90562B1-1583-469F-A0B1-2C32215E8A87}.Release|Any CPU.Build.0 = Release|Any CPU
		{A90562B1-1583-469F-A0B1-2C32215E8A87}.Release|x64.ActiveCfg = Release|Any CPU
		{A90562B1-1583-469F-A0B1-2C32215E8A87}.Release|x64.Build.0 = Release|Any CPU
		{A90562B1-1583-469F-A0B1-2C32215E8A87}.Release|x86.ActiveCfg = Debug|Any CPU
		{A90562B1-1583-469F-A0B1-2C32215E8A87}.Release|x86.Build.0 = Debug|Any CPU
	EndGlobalSection
	GlobalSection(SolutionProperties) = preSolution
		HideSolutionNode = FALSE
	EndGlobalSection
	GlobalSection(ExtensibilityGlobals) = postSolution
		SolutionGuid = {9092E66B-AF24-466E-84DB-F80364B83B55}
	EndGlobalSection
EndGlobal
